# This file is automatically @generated by Cargo.
# It is not intended for manual editing.
version = 4

[[package]]
name = "rackforge-plugin-sdk"
version = "0.1.20"

[[package]]
name = "rf-organ-dsp"
version = "0.3.0"

[[package]]
name = "rf-organ-plugin"
version = "0.3.0"
dependencies = [
 "rackforge-plugin-sdk",
 "rf-organ-dsp",
]
